PODS:
  - Alamofire (4.6.0)
  - Kingfisher (4.5.0)
  - MJRefresh (3.1.15.1)
  - Moya/Core (10.0.1):
    - Alamofire (~> 4.1)
    - Result (~> 3.0)
  - Moya/RxSwift (10.0.1):
    - Moya/Core
    - RxSwift (~> 4.0)
  - ObjectMapper (3.1.0)
  - Result (3.2.4)
  - RxCocoa (4.0.0):
    - RxSwift (~> 4.0)
  - RxSwift (4.0.0)
  - SnapKit (4.0.0)
  - SVProgressHUD (2.2.2)
  - SwiftyJSON (4.0.0)

DEPENDENCIES:
  - Alamofire
  - Kingfisher
  - MJRefresh
  - Moya/RxSwift
  - ObjectMapper
  - RxCocoa
  - RxSwift
  - SnapKit
  - SVProgressHUD
  - SwiftyJSON

SPEC CHECKSUMS:
  Alamofire: f41a599bd63041760b26d393ec1069d9d7b917f4
  Kingfisher: 26ae0473102b77b575da51960c932431e3745407
  MJRefresh: 5f8552bc25ca8751c010f621c1098dbdaacbccd6
  Moya: 9e621707ff754eeb51ff3ec51a3d54e517c0733a
  ObjectMapper: 20505058f54e5c3ca69e1d6de9897d152a5369a6
  Result: d2d07204ce72856f1fd9130bbe42c35a7b0fea10
  RxCocoa: d62846ca96495d862fa4c59ea7d87e5031d7340e
  RxSwift: fd680d75283beb5e2559486f3c0ff852f0d35334
  SnapKit: a42d492c16e80209130a3379f73596c3454b7694
  SVProgressHUD: 59b2d3dabacbd051576d21d32293ca7228dc18b0
  SwiftyJSON: 070dabdcb1beb81b247c65ffa3a79dbbfb3b48aa

PODFILE CHECKSUM: 018c2da5b7320813ee7ffa65d79a867854165c60

COCOAPODS: 1.3.1
